{
    "_readme": [
        "This file locks the dependencies of your project to a known state",
        "Read more about it at https://getcomposer.org/doc/01-basic-usage.md#composer-lock-the-lock-file",
        "This file is @generated automatically"
    ],
    "hash": "fde098e2274744e578d12f1a88409308",
    "content-hash": "87443282e2e16a1041e3864ba9b19bbb",
    "packages": [
        {
            "name": "phpish/http",
            "version": "dev-master",
            "source": {
                "type": "git",
                "url": "https://github.com/phpish/http.git",
                "reference": "bd6f604a2629687ebdcb637715d8ed571e6b3d1a"
            },
            "dist": {
                "type": "zip",
                "url": "https://api.github.com/repos/phpish/http/zipball/bd6f604a2629687ebdcb637715d8ed571e6b3d1a",
                "reference": "bd6f604a2629687ebdcb637715d8ed571e6b3d1a",
                "shasum": ""
            },
            "require": {
                "php": ">=5.3.0"
            },
            "type": "library",
            "autoload": {
                "files": [
                    "http.php"
                ]
            },
            "notification-url": "https://packagist.org/downloads/",
            "license": [
                "MIT"
            ],
            "authors": [
                {
                    "name": "Sandeep Shetty",
                    "email": "sandeep.shetty@gmail.com",
                    "homepage": "http://sandeep.shetty.in"
                }
            ],
            "description": "Convenience wrapper around cURL",
            "homepage": "https://github.com/phpish/http",
            "keywords": [
                "api",
                "curl",
                "http"
            ],
            "time": "2014-11-23 23:33:44"
        },
        {
            "name": "phpish/shopify",
            "version": "dev-master",
            "source": {
                "type": "git",
                "url": "https://github.com/phpish/shopify.git",
                "reference": "b98448e90ccc47a2893a95e07a3486dcf46d1726"
            },
            "dist": {
                "type": "zip",
                "url": "https://api.github.com/repos/phpish/shopify/zipball/b98448e90ccc47a2893a95e07a3486dcf46d1726",
                "reference": "b98448e90ccc47a2893a95e07a3486dcf46d1726",
                "shasum": ""
            },
            "require": {
                "php": ">=5.3.0",
                "phpish/http": "dev-master"
            },
            "type": "library",
            "autoload": {
                "files": [
                    "shopify.php"
                ]
            },
            "notification-url": "https://packagist.org/downloads/",
            "license": [
                "MIT"
            ],
            "authors": [
                {
                    "name": "Sandeep Shetty",
                    "email": "sandeep.shetty@gmail.com",
                    "homepage": "http://sandeep.shetty.in"
                }
            ],
            "description": "Simple Shopify API client in PHP",
            "homepage": "https://github.com/phpish/shopify",
            "keywords": [
                "api",
                "shopify"
            ],
            "time": "2014-12-10 12:52:10"
        },
        {
            "name": "robmorgan/phinx",
            "version": "v0.5.0",
            "source": {
                "type": "git",
                "url": "https://github.com/robmorgan/phinx.git",
                "reference": "df8933786806848fbf330f88d69998f29c29d8c4"
            },
            "dist": {
                "type": "zip",
                "url": "https://api.github.com/repos/robmorgan/phinx/zipball/df8933786806848fbf330f88d69998f29c29d8c4",
                "reference": "df8933786806848fbf330f88d69998f29c29d8c4",
                "shasum": ""
            },
            "require": {
                "php": ">=5.3.2",
                "symfony/config": "~2.7",
                "symfony/console": "~2.7",
                "symfony/yaml": "~2.7"
            },
            "require-dev": {
                "phpunit/phpunit": "3.7.*",
                "squizlabs/php_codesniffer": "dev-phpcs-fixer"
            },
            "bin": [
                "bin/phinx"
            ],
            "type": "library",
            "autoload": {
                "psr-4": {
                    "Phinx\\": "src/Phinx"
                }
            },
            "notification-url": "https://packagist.org/downloads/",
            "license": [
                "MIT"
            ],
            "authors": [
                {
                    "name": "Rob Morgan",
                    "email": "robbym@gmail.com",
                    "homepage": "http://robmorgan.id.au",
                    "role": "Lead Developer"
                },
                {
                    "name": "Woody Gilk",
                    "email": "woody.gilk@gmail.com",
                    "homepage": "http://shadowhand.me",
                    "role": "Developer"
                }
            ],
            "description": "Phinx makes it ridiculously easy to manage the database migrations for your PHP app.",
            "homepage": "https://phinx.org",
            "keywords": [
                "database",
                "database migrations",
                "db",
                "migrations",
                "phinx"
            ],
            "time": "2015-11-30 15:21:12"
        },
        {
            "name": "sandeepshetty/shopify_api",
            "version": "dev-master",
            "source": {
                "type": "git",
                "url": "https://github.com/sandeepshetty/shopify_api.git",
                "reference": "20956b20c879f64cacedaf029d40d6d188f97e5d"
            },
            "dist": {
                "type": "zip",
                "url": "https://api.github.com/repos/sandeepshetty/shopify_api/zipball/20956b20c879f64cacedaf029d40d6d188f97e5d",
                "reference": "20956b20c879f64cacedaf029d40d6d188f97e5d",
                "shasum": ""
            },
            "require": {
                "php": ">=5.3.0",
                "sandeepshetty/wcurl": "dev-master"
            },
            "type": "library",
            "autoload": {
                "files": [
                    "../wcurl/wcurl.php",
                    "client.php"
                ]
            },
            "notification-url": "https://packagist.org/downloads/",
            "license": [
                "MIT"
            ],
            "authors": [
                {
                    "name": "Sandeep Shetty",
                    "email": "sandeep.shetty@gmail.com",
                    "homepage": "http://sandeep.shetty.in",
                    "role": "Developer"
                }
            ],
            "description": "Simple Shopify API client in PHP",
            "homepage": "https://github.com/sandeepshetty/shopify_api",
            "keywords": [
                "api",
                "shopify"
            ],
            "time": "2014-11-23 20:57:34"
        },
        {
            "name": "sandeepshetty/wcurl",
            "version": "dev-master",
            "source": {
                "type": "git",
                "url": "https://github.com/sandeepshetty/wcurl.git",
                "reference": "69e532773ca9306418101ca6c8edddd6c70d5427"
            },
            "dist": {
                "type": "zip",
                "url": "https://api.github.com/repos/sandeepshetty/wcurl/zipball/69e532773ca9306418101ca6c8edddd6c70d5427",
                "reference": "69e532773ca9306418101ca6c8edddd6c70d5427",
                "shasum": ""
            },
            "require": {
                "php": ">=5.0.0"
            },
            "type": "library",
            "notification-url": "https://packagist.org/downloads/",
            "license": [
                "MIT"
            ],
            "authors": [
                {
                    "name": "Sandeep Shetty",
                    "email": "sandeep.shetty@gmail.com",
                    "homepage": "http://sandeep.shetty.in",
                    "role": "Developer"
                }
            ],
            "description": "A convenience wrapper around PHP's cURL library",
            "homepage": "https://github.com/sandeepshetty/wcurl",
            "keywords": [
                "api",
                "curl",
                "http"
            ],
            "time": "2013-04-07 01:00:07"
        },
        {
            "name": "symfony/config",
            "version": "2.8.x-dev",
            "source": {
                "type": "git",
                "url": "https://github.com/symfony/config.git",
                "reference": "f21c97aec1b5302d2dc0d17047ea8f4e4ff93aae"
            },
            "dist": {
                "type": "zip",
                "url": "https://api.github.com/repos/symfony/config/zipball/f21c97aec1b5302d2dc0d17047ea8f4e4ff93aae",
                "reference": "f21c97aec1b5302d2dc0d17047ea8f4e4ff93aae",
                "shasum": ""
            },
            "require": {
                "php": ">=5.3.9",
                "symfony/filesystem": "~2.3|~3.0.0"
            },
            "type": "library",
            "extra": {
                "branch-alias": {
                    "dev-master": "2.8-dev"
                }
            },
            "autoload": {
                "psr-4": {
                    "Symfony\\Component\\Config\\": ""
                },
                "exclude-from-classmap": [
                    "/Tests/"
                ]
            },
            "notification-url": "https://packagist.org/downloads/",
            "license": [
                "MIT"
            ],
            "authors": [
                {
                    "name": "Fabien Potencier",
                    "email": "fabien@symfony.com"
                },
                {
                    "name": "Symfony Community",
                    "homepage": "https://symfony.com/contributors"
                }
            ],
            "description": "Symfony Config Component",
            "homepage": "https://symfony.com",
            "time": "2015-11-23 20:38:01"
        },
        {
            "name": "symfony/console",
            "version": "2.8.x-dev",
            "source": {
                "type": "git",
                "url": "https://github.com/symfony/console.git",
                "reference": "2e06a5ccb19dcf9b89f1c6a677a39a8df773635a"
            },
            "dist": {
                "type": "zip",
                "url": "https://api.github.com/repos/symfony/console/zipball/2e06a5ccb19dcf9b89f1c6a677a39a8df773635a",
                "reference": "2e06a5ccb19dcf9b89f1c6a677a39a8df773635a",
                "shasum": ""
            },
            "require": {
                "php": ">=5.3.9",
                "symfony/polyfill-mbstring": "~1.0"
            },
            "require-dev": {
                "psr/log": "~1.0",
                "symfony/event-dispatcher": "~2.1|~3.0.0",
                "symfony/process": "~2.1|~3.0.0"
            },
            "suggest": {
                "psr/log": "For using the console logger",
                "symfony/event-dispatcher": "",
                "symfony/process": ""
            },
            "type": "library",
            "extra": {
                "branch-alias": {
                    "dev-master": "2.8-dev"
                }
            },
            "autoload": {
                "psr-4": {
                    "Symfony\\Component\\Console\\": ""
                },
                "exclude-from-classmap": [
                    "/Tests/"
                ]
            },
            "notification-url": "https://packagist.org/downloads/",
            "license": [
                "MIT"
            ],
            "authors": [
                {
                    "name": "Fabien Potencier",
                    "email": "fabien@symfony.com"
                },
                {
                    "name": "Symfony Community",
                    "homepage": "https://symfony.com/contributors"
                }
            ],
            "description": "Symfony Console Component",
            "homepage": "https://symfony.com",
            "time": "2015-12-22 10:25:57"
        },
        {
            "name": "symfony/filesystem",
            "version": "3.0.x-dev",
            "source": {
                "type": "git",
                "url": "https://github.com/symfony/filesystem.git",
                "reference": "c2e59d11dccd135dc8f00ee97f34fe1de842e70c"
            },
            "dist": {
                "type": "zip",
                "url": "https://api.github.com/repos/symfony/filesystem/zipball/c2e59d11dccd135dc8f00ee97f34fe1de842e70c",
                "reference": "c2e59d11dccd135dc8f00ee97f34fe1de842e70c",
                "shasum": ""
            },
            "require": {
                "php": ">=5.5.9"
            },
            "type": "library",
            "extra": {
                "branch-alias": {
                    "dev-master": "3.0-dev"
                }
            },
            "autoload": {
                "psr-4": {
                    "Symfony\\Component\\Filesystem\\": ""
                },
                "exclude-from-classmap": [
                    "/Tests/"
                ]
            },
            "notification-url": "https://packagist.org/downloads/",
            "license": [
                "MIT"
            ],
            "authors": [
                {
                    "name": "Fabien Potencier",
                    "email": "fabien@symfony.com"
                },
                {
                    "name": "Symfony Community",
                    "homepage": "https://symfony.com/contributors"
                }
            ],
            "description": "Symfony Filesystem Component",
            "homepage": "https://symfony.com",
            "time": "2015-12-22 10:39:06"
        },
        {
            "name": "symfony/polyfill-mbstring",
            "version": "dev-master",
            "source": {
                "type": "git",
                "url": "https://github.com/symfony/polyfill-mbstring.git",
                "reference": "49ff736bd5d41f45240cec77b44967d76e0c3d25"
            },
            "dist": {
                "type": "zip",
                "url": "https://api.github.com/repos/symfony/polyfill-mbstring/zipball/49ff736bd5d41f45240cec77b44967d76e0c3d25",
                "reference": "49ff736bd5d41f45240cec77b44967d76e0c3d25",
                "shasum": ""
            },
            "require": {
                "php": ">=5.3.3"
            },
            "suggest": {
                "ext-mbstring": "For best performance"
            },
            "type": "library",
            "extra": {
                "branch-alias": {
                    "dev-master": "1.0-dev"
                }
            },
            "autoload": {
                "psr-4": {
                    "Symfony\\Polyfill\\Mbstring\\": ""
                },
                "files": [
                    "bootstrap.php"
                ]
            },
            "notification-url": "https://packagist.org/downloads/",
            "license": [
                "MIT"
            ],
            "authors": [
                {
                    "name": "Nicolas Grekas",
                    "email": "p@tchwork.com"
                },
                {
                    "name": "Symfony Community",
                    "homepage": "https://symfony.com/contributors"
                }
            ],
            "description": "Symfony polyfill for the Mbstring extension",
            "homepage": "https://symfony.com",
            "keywords": [
                "compatibility",
                "mbstring",
                "polyfill",
                "portable",
                "shim"
            ],
            "time": "2015-11-20 09:19:13"
        },
        {
            "name": "symfony/yaml",
            "version": "2.8.x-dev",
            "source": {
                "type": "git",
                "url": "https://github.com/symfony/yaml.git",
                "reference": "6fbc4e2c0234c08036ef817cd79209787f9b20e7"
            },
            "dist": {
                "type": "zip",
                "url": "https://api.github.com/repos/symfony/yaml/zipball/6fbc4e2c0234c08036ef817cd79209787f9b20e7",
                "reference": "6fbc4e2c0234c08036ef817cd79209787f9b20e7",
                "shasum": ""
            },
            "require": {
                "php": ">=5.3.9"
            },
            "type": "library",
            "extra": {
                "branch-alias": {
                    "dev-master": "2.8-dev"
                }
            },
            "autoload": {
                "psr-4": {
                    "Symfony\\Component\\Yaml\\": ""
                },
                "exclude-from-classmap": [
                    "/Tests/"
                ]
            },
            "notification-url": "https://packagist.org/downloads/",
            "license": [
                "MIT"
            ],
            "authors": [
                {
                    "name": "Fabien Potencier",
                    "email": "fabien@symfony.com"
                },
                {
                    "name": "Symfony Community",
                    "homepage": "https://symfony.com/contributors"
                }
            ],
            "description": "Symfony Yaml Component",
            "homepage": "https://symfony.com",
            "time": "2015-12-22 10:25:57"
        }
    ],
    "packages-dev": [],
    "aliases": [],
    "minimum-stability": "dev",
    "stability-flags": {
        "sandeepshetty/shopify_api": 20,
        "phpish/shopify": 20
    },
    "prefer-stable": false,
    "prefer-lowest": false,
    "platform": [],
    "platform-dev": []
}
